
Microsoft Visual Studio Solution File, Format Version 12.00
# Visual Studio Version 17
VisualStudioVersion = 17.0.31903.59
MinimumVisualStudioVersion = 10.0.40219.1
Project("{2150E333-8FDC-42A3-9474-1A3956D46DE8}") = "src", "src", "{827E0CD3-B72D-47B6-A68D-7590B98EB39B}"
EndProject
Project("{2150E333-8FDC-42A3-9474-1A3956D46DE8}") = "Apis", "Apis", "{550B6957-E147-46B4-B9F2-855F3914F79E}"
EndProject
Project("{2150E333-8FDC-42A3-9474-1A3956D46DE8}") = "BuildingBlocks", "BuildingBlocks", "{1DF848C6-10D7-4101-B8CB-351F27C2A614}"
EndProject
Project("{2150E333-8FDC-42A3-9474-1A3956D46DE8}") = "tests", "tests", "{BF78C88F-A46D-49F9-8C8D-2297693CAC8C}"
EndProject
Project("{FAE04EC0-301F-11D3-BF4B-00C04F79EFBC}") = "DietTime.Meal.Api", "src\Apis\DietTime.Meal.Api\DietTime.Meal.Api.csproj", "{870E659E-A5F4-402A-898F-DBCA7C5FABA2}"
EndProject
Project("{FAE04EC0-301F-11D3-BF4B-00C04F79EFBC}") = "DietTime.Application", "src\BuildingBlocks\DietTime.Application\DietTime.Application.csproj", "{C346CCF7-E2B9-4331-87A9-B3D26A5D5A8E}"
EndProject
Project("{FAE04EC0-301F-11D3-BF4B-00C04F79EFBC}") = "DietTime.Domain", "src\BuildingBlocks\DietTime.Domain\DietTime.Domain.csproj", "{7821287E-76B0-48B7-9C61-ED2402E531DD}"
EndProject
Project("{FAE04EC0-301F-11D3-BF4B-00C04F79EFBC}") = "DietTime.Infrastructure", "src\BuildingBlocks\DietTime.Infrastructure\DietTime.Infrastructure.csproj", "{4696494F-FF71-4248-B69A-CD96B34B933B}"
EndProject
Project("{FAE04EC0-301F-11D3-BF4B-00C04F79EFBC}") = "DietTime.Persistence", "src\BuildingBlocks\DietTime.Persistence\DietTime.Persistence.csproj", "{659BDDEF-45DE-4FAE-92EB-56C4C6DC837C}"
EndProject
Project("{FAE04EC0-301F-11D3-BF4B-00C04F79EFBC}") = "DietTime.Contracts", "src\BuildingBlocks\DietTime.Contracts\DietTime.Contracts.csproj", "{08E2FC0F-DF10-4FCD-B3B5-40FB8A45BA92}"
EndProject
Project("{FAE04EC0-301F-11D3-BF4B-00C04F79EFBC}") = "DietTime.UnitTests", "tests\DietTime.UnitTests\DietTime.UnitTests.csproj", "{90121EAF-0BCE-4246-8A3F-CB8B448B9258}"
EndProject
Project("{FAE04EC0-301F-11D3-BF4B-00C04F79EFBC}") = "DietTime.Meal.Api.IntegrationTests", "tests\DietTime.Meal.Api.IntegrationTests\DietTime.Meal.Api.IntegrationTests.csproj", "{14114017-B259-42B6-B5F8-DA8C430D2A02}"
EndProject
Global
	GlobalSection(SolutionConfigurationPlatforms) = preSolution
		Debug|Any CPU = Debug|Any CPU
		Debug|x64 = Debug|x64
		Debug|x86 = Debug|x86
		Release|Any CPU = Release|Any CPU
		Release|x64 = Release|x64
		Release|x86 = Release|x86
	EndGlobalSection
	GlobalSection(ProjectConfigurationPlatforms) = postSolution
		{870E659E-A5F4-402A-898F-DBCA7C5FABA2}.Debug|Any CPU.ActiveCfg = Debug|Any CPU
		{870E659E-A5F4-402A-898F-DBCA7C5FABA2}.Debug|Any CPU.Build.0 = Debug|Any CPU
		{870E659E-A5F4-402A-898F-DBCA7C5FABA2}.Debug|x64.ActiveCfg = Debug|Any CPU
		{870E659E-A5F4-402A-898F-DBCA7C5FABA2}.Debug|x64.Build.0 = Debug|Any CPU
		{870E659E-A5F4-402A-898F-DBCA7C5FABA2}.Debug|x86.ActiveCfg = Debug|Any CPU
		{870E659E-A5F4-402A-898F-DBCA7C5FABA2}.Debug|x86.Build.0 = Debug|Any CPU
		{870E659E-A5F4-402A-898F-DBCA7C5FABA2}.Release|Any CPU.ActiveCfg = Release|Any CPU
		{870E659E-A5F4-402A-898F-DBCA7C5FABA2}.Release|Any CPU.Build.0 = Release|Any CPU
		{870E659E-A5F4-402A-898F-DBCA7C5FABA2}.Release|x64.ActiveCfg = Release|Any CPU
		{870E659E-A5F4-402A-898F-DBCA7C5FABA2}.Release|x64.Build.0 = Release|Any CPU
		{870E659E-A5F4-402A-898F-DBCA7C5FABA2}.Release|x86.ActiveCfg = Release|Any CPU
		{870E659E-A5F4-402A-898F-DBCA7C5FABA2}.Release|x86.Build.0 = Release|Any CPU
		{C346CCF7-E2B9-4331-87A9-B3D26A5D5A8E}.Debug|Any CPU.ActiveCfg = Debug|Any CPU
		{C346CCF7-E2B9-4331-87A9-B3D26A5D5A8E}.Debug|Any CPU.Build.0 = Debug|Any CPU
		{C346CCF7-E2B9-4331-87A9-B3D26A5D5A8E}.Debug|x64.ActiveCfg = Debug|Any CPU
		{C346CCF7-E2B9-4331-87A9-B3D26A5D5A8E}.Debug|x64.Build.0 = Debug|Any CPU
		{C346CCF7-E2B9-4331-87A9-B3D26A5D5A8E}.Debug|x86.ActiveCfg = Debug|Any CPU
		{C346CCF7-E2B9-4331-87A9-B3D26A5D5A8E}.Debug|x86.Build.0 = Debug|Any CPU
		{C346CCF7-E2B9-4331-87A9-B3D26A5D5A8E}.Release|Any CPU.ActiveCfg = Release|Any CPU
		{C346CCF7-E2B9-4331-87A9-B3D26A5D5A8E}.Release|Any CPU.Build.0 = Release|Any CPU
		{C346CCF7-E2B9-4331-87A9-B3D26A5D5A8E}.Release|x64.ActiveCfg = Release|Any CPU
		{C346CCF7-E2B9-4331-87A9-B3D26A5D5A8E}.Release|x64.Build.0 = Release|Any CPU
		{C346CCF7-E2B9-4331-87A9-B3D26A5D5A8E}.Release|x86.ActiveCfg = Release|Any CPU
		{C346CCF7-E2B9-4331-87A9-B3D26A5D5A8E}.Release|x86.Build.0 = Release|Any CPU
		{7821287E-76B0-48B7-9C61-ED2402E531DD}.Debug|Any CPU.ActiveCfg = Debug|Any CPU
		{7821287E-76B0-48B7-9C61-ED2402E531DD}.Debug|Any CPU.Build.0 = Debug|Any CPU
		{7821287E-76B0-48B7-9C61-ED2402E531DD}.Debug|x64.ActiveCfg = Debug|Any CPU
		{7821287E-76B0-48B7-9C61-ED2402E531DD}.Debug|x64.Build.0 = Debug|Any CPU
		{7821287E-76B0-48B7-9C61-ED2402E531DD}.Debug|x86.ActiveCfg = Debug|Any CPU
		{7821287E-76B0-48B7-9C61-ED2402E531DD}.Debug|x86.Build.0 = Debug|Any CPU
		{7821287E-76B0-48B7-9C61-ED2402E531DD}.Release|Any CPU.ActiveCfg = Release|Any CPU
		{7821287E-76B0-48B7-9C61-ED2402E531DD}.Release|Any CPU.Build.0 = Release|Any CPU
		{7821287E-76B0-48B7-9C61-ED2402E531DD}.Release|x64.ActiveCfg = Release|Any CPU
		{7821287E-76B0-48B7-9C61-ED2402E531DD}.Release|x64.Build.0 = Release|Any CPU
		{7821287E-76B0-48B7-9C61-ED2402E531DD}.Release|x86.ActiveCfg = Release|Any CPU
		{7821287E-76B0-48B7-9C61-ED2402E531DD}.Release|x86.Build.0 = Release|Any CPU
		{4696494F-FF71-4248-B69A-CD96B34B933B}.Debug|Any CPU.ActiveCfg = Debug|Any CPU
		{4696494F-FF71-4248-B69A-CD96B34B933B}.Debug|Any CPU.Build.0 = Debug|Any CPU
		{4696494F-FF71-4248-B69A-CD96B34B933B}.Debug|x64.ActiveCfg = Debug|Any CPU
		{4696494F-FF71-4248-B69A-CD96B34B933B}.Debug|x64.Build.0 = Debug|Any CPU
		{4696494F-FF71-4248-B69A-CD96B34B933B}.Debug|x86.ActiveCfg = Debug|Any CPU
		{4696494F-FF71-4248-B69A-CD96B34B933B}.Debug|x86.Build.0 = Debug|Any CPU
		{4696494F-FF71-4248-B69A-CD96B34B933B}.Release|Any CPU.ActiveCfg = Release|Any CPU
		{4696494F-FF71-4248-B69A-CD96B34B933B}.Release|Any CPU.Build.0 = Release|Any CPU
		{4696494F-FF71-4248-B69A-CD96B34B933B}.Release|x64.ActiveCfg = Release|Any CPU
		{4696494F-FF71-4248-B69A-CD96B34B933B}.Release|x64.Build.0 = Release|Any CPU
		{4696494F-FF71-4248-B69A-CD96B34B933B}.Release|x86.ActiveCfg = Release|Any CPU
		{4696494F-FF71-4248-B69A-CD96B34B933B}.Release|x86.Build.0 = Release|Any CPU
		{659BDDEF-45DE-4FAE-92EB-56C4C6DC837C}.Debug|Any CPU.ActiveCfg = Debug|Any CPU
		{659BDDEF-45DE-4FAE-92EB-56C4C6DC837C}.Debug|Any CPU.Build.0 = Debug|Any CPU
		{659BDDEF-45DE-4FAE-92EB-56C4C6DC837C}.Debug|x64.ActiveCfg = Debug|Any CPU
		{659BDDEF-45DE-4FAE-92EB-56C4C6DC837C}.Debug|x64.Build.0 = Debug|Any CPU
		{659BDDEF-45DE-4FAE-92EB-56C4C6DC837C}.Debug|x86.ActiveCfg = Debug|Any CPU
		{659BDDEF-45DE-4FAE-92EB-56C4C6DC837C}.Debug|x86.Build.0 = Debug|Any CPU
		{659BDDEF-45DE-4FAE-92EB-56C4C6DC837C}.Release|Any CPU.ActiveCfg = Release|Any CPU
		{659BDDEF-45DE-4FAE-92EB-56C4C6DC837C}.Release|Any CPU.Build.0 = Release|Any CPU
		{659BDDEF-45DE-4FAE-92EB-56C4C6DC837C}.Release|x64.ActiveCfg = Release|Any CPU
		{659BDDEF-45DE-4FAE-92EB-56C4C6DC837C}.Release|x64.Build.0 = Release|Any CPU
		{659BDDEF-45DE-4FAE-92EB-56C4C6DC837C}.Release|x86.ActiveCfg = Release|Any CPU
		{659BDDEF-45DE-4FAE-92EB-56C4C6DC837C}.Release|x86.Build.0 = Release|Any CPU
		{08E2FC0F-DF10-4FCD-B3B5-40FB8A45BA92}.Debug|Any CPU.ActiveCfg = Debug|Any CPU
		{08E2FC0F-DF10-4FCD-B3B5-40FB8A45BA92}.Debug|Any CPU.Build.0 = Debug|Any CPU
		{08E2FC0F-DF10-4FCD-B3B5-40FB8A45BA92}.Debug|x64.ActiveCfg = Debug|Any CPU
		{08E2FC0F-DF10-4FCD-B3B5-40FB8A45BA92}.Debug|x64.Build.0 = Debug|Any CPU
		{08E2FC0F-DF10-4FCD-B3B5-40FB8A45BA92}.Debug|x86.ActiveCfg = Debug|Any CPU
		{08E2FC0F-DF10-4FCD-B3B5-40FB8A45BA92}.Debug|x86.Build.0 = Debug|Any CPU
		{08E2FC0F-DF10-4FCD-B3B5-40FB8A45BA92}.Release|Any CPU.ActiveCfg = Release|Any CPU
		{08E2FC0F-DF10-4FCD-B3B5-40FB8A45BA92}.Release|Any CPU.Build.0 = Release|Any CPU
		{08E2FC0F-DF10-4FCD-B3B5-40FB8A45BA92}.Release|x64.ActiveCfg = Release|Any CPU
		{08E2FC0F-DF10-4FCD-B3B5-40FB8A45BA92}.Release|x64.Build.0 = Release|Any CPU
		{08E2FC0F-DF10-4FCD-B3B5-40FB8A45BA92}.Release|x86.ActiveCfg = Release|Any CPU
		{08E2FC0F-DF10-4FCD-B3B5-40FB8A45BA92}.Release|x86.Build.0 = Release|Any CPU
		{90121EAF-0BCE-4246-8A3F-CB8B448B9258}.Debug|Any CPU.ActiveCfg = Debug|Any CPU
		{90121EAF-0BCE-4246-8A3F-CB8B448B9258}.Debug|Any CPU.Build.0 = Debug|Any CPU
		{90121EAF-0BCE-4246-8A3F-CB8B448B9258}.Debug|x64.ActiveCfg = Debug|Any CPU
		{90121EAF-0BCE-4246-8A3F-CB8B448B9258}.Debug|x64.Build.0 = Debug|Any CPU
		{90121EAF-0BCE-4246-8A3F-CB8B448B9258}.Debug|x86.ActiveCfg = Debug|Any CPU
		{90121EAF-0BCE-4246-8A3F-CB8B448B9258}.Debug|x86.Build.0 = Debug|Any CPU
		{90121EAF-0BCE-4246-8A3F-CB8B448B9258}.Release|Any CPU.ActiveCfg = Release|Any CPU
		{90121EAF-0BCE-4246-8A3F-CB8B448B9258}.Release|Any CPU.Build.0 = Release|Any CPU
		{90121EAF-0BCE-4246-8A3F-CB8B448B9258}.Release|x64.ActiveCfg = Release|Any CPU
		{90121EAF-0BCE-4246-8A3F-CB8B448B9258}.Release|x64.Build.0 = Release|Any CPU
		{90121EAF-0BCE-4246-8A3F-CB8B448B9258}.Release|x86.ActiveCfg = Release|Any CPU
		{90121EAF-0BCE-4246-8A3F-CB8B448B9258}.Release|x86.Build.0 = Release|Any CPU
		{14114017-B259-42B6-B5F8-DA8C430D2A02}.Debug|Any CPU.ActiveCfg = Debug|Any CPU
		{14114017-B259-42B6-B5F8-DA8C430D2A02}.Debug|Any CPU.Build.0 = Debug|Any CPU
		{14114017-B259-42B6-B5F8-DA8C430D2A02}.Debug|x64.ActiveCfg = Debug|Any CPU
		{14114017-B259-42B6-B5F8-DA8C430D2A02}.Debug|x64.Build.0 = Debug|Any CPU
		{14114017-B259-42B6-B5F8-DA8C430D2A02}.Debug|x86.ActiveCfg = Debug|Any CPU
		{14114017-B259-42B6-B5F8-DA8C430D2A02}.Debug|x86.Build.0 = Debug|Any CPU
		{14114017-B259-42B6-B5F8-DA8C430D2A02}.Release|Any CPU.ActiveCfg = Release|Any CPU
		{14114017-B259-42B6-B5F8-DA8C430D2A02}.Release|Any CPU.Build.0 = Release|Any CPU
		{14114017-B259-42B6-B5F8-DA8C430D2A02}.Release|x64.ActiveCfg = Release|Any CPU
		{14114017-B259-42B6-B5F8-DA8C430D2A02}.Release|x64.Build.0 = Release|Any CPU
		{14114017-B259-42B6-B5F8-DA8C430D2A02}.Release|x86.ActiveCfg = Release|Any CPU
		{14114017-B259-42B6-B5F8-DA8C430D2A02}.Release|x86.Build.0 = Release|Any CPU
	EndGlobalSection
	GlobalSection(SolutionProperties) = preSolution
		HideSolutionNode = FALSE
	EndGlobalSection
	GlobalSection(NestedProjects) = preSolution
		{550B6957-E147-46B4-B9F2-855F3914F79E} = {827E0CD3-B72D-47B6-A68D-7590B98EB39B}
		{1DF848C6-10D7-4101-B8CB-351F27C2A614} = {827E0CD3-B72D-47B6-A68D-7590B98EB39B}
		{870E659E-A5F4-402A-898F-DBCA7C5FABA2} = {550B6957-E147-46B4-B9F2-855F3914F79E}
		{C346CCF7-E2B9-4331-87A9-B3D26A5D5A8E} = {1DF848C6-10D7-4101-B8CB-351F27C2A614}
		{7821287E-76B0-48B7-9C61-ED2402E531DD} = {1DF848C6-10D7-4101-B8CB-351F27C2A614}
		{4696494F-FF71-4248-B69A-CD96B34B933B} = {1DF848C6-10D7-4101-B8CB-351F27C2A614}
		{659BDDEF-45DE-4FAE-92EB-56C4C6DC837C} = {1DF848C6-10D7-4101-B8CB-351F27C2A614}
		{08E2FC0F-DF10-4FCD-B3B5-40FB8A45BA92} = {1DF848C6-10D7-4101-B8CB-351F27C2A614}
		{90121EAF-0BCE-4246-8A3F-CB8B448B9258} = {BF78C88F-A46D-49F9-8C8D-2297693CAC8C}
		{14114017-B259-42B6-B5F8-DA8C430D2A02} = {BF78C88F-A46D-49F9-8C8D-2297693CAC8C}
	EndGlobalSection
EndGlobal
